
Microsoft Visual Studio Solution File, Format Version 12.00
# Visual Studio Version 16
VisualStudioVersion = 16.0.31313.79
MinimumVisualStudioVersion = 10.0.40219.1
Project("{930C7802-8A8C-48F9-8165-68863BCCD9DD}") = "cypher_node_installer", "cypnode_installer\cypher_node_installer.wixproj", "{162C4BB5-4DB8-4503-8AA8-66BCFDE83EE1}"
EndProject
Project("{2150E333-8FDC-42A3-9474-1A3956D46DE8}") = "Solution Items", "Solution Items", "{ED5F699B-F9C6-4C1C-A696-DA031E257DDB}"
	ProjectSection(SolutionItems) = preProject
		.gitignore = .gitignore
	EndProjectSection
EndProject
Project("{9A19103F-16F7-4668-BE54-9A1E7A4F7556}") = "cypher_node_service", "service\cypher_node_service.csproj", "{69FC0271-313F-4F33-8BFB-373040448DAF}"
EndProject
Global
	GlobalSection(SolutionConfigurationPlatforms) = preSolution
		Debug|Any CPU = Debug|Any CPU
		Debug|x64 = Debug|x64
		Debug|x86 = Debug|x86
		Release|Any CPU = Release|Any CPU
		Release|x64 = Release|x64
		Release|x86 = Release|x86
	EndGlobalSection
	GlobalSection(ProjectConfigurationPlatforms) = postSolution
		{162C4BB5-4DB8-4503-8AA8-66BCFDE83EE1}.Debug|Any CPU.ActiveCfg = Debug|x86
		{162C4BB5-4DB8-4503-8AA8-66BCFDE83EE1}.Debug|x64.ActiveCfg = Release|x64
		{162C4BB5-4DB8-4503-8AA8-66BCFDE83EE1}.Debug|x64.Build.0 = Release|x64
		{162C4BB5-4DB8-4503-8AA8-66BCFDE83EE1}.Debug|x86.ActiveCfg = Debug|x86
		{162C4BB5-4DB8-4503-8AA8-66BCFDE83EE1}.Debug|x86.Build.0 = Debug|x86
		{162C4BB5-4DB8-4503-8AA8-66BCFDE83EE1}.Release|Any CPU.ActiveCfg = Release|x86
		{162C4BB5-4DB8-4503-8AA8-66BCFDE83EE1}.Release|x64.ActiveCfg = Release|x64
		{162C4BB5-4DB8-4503-8AA8-66BCFDE83EE1}.Release|x64.Build.0 = Release|x64
		{162C4BB5-4DB8-4503-8AA8-66BCFDE83EE1}.Release|x86.ActiveCfg = Release|x86
		{162C4BB5-4DB8-4503-8AA8-66BCFDE83EE1}.Release|x86.Build.0 = Release|x86
		{69FC0271-313F-4F33-8BFB-373040448DAF}.Debug|Any CPU.ActiveCfg = Debug|Any CPU
		{69FC0271-313F-4F33-8BFB-373040448DAF}.Debug|Any CPU.Build.0 = Debug|Any CPU
		{69FC0271-313F-4F33-8BFB-373040448DAF}.Debug|x64.ActiveCfg = Debug|Any CPU
		{69FC0271-313F-4F33-8BFB-373040448DAF}.Debug|x64.Build.0 = Debug|Any CPU
		{69FC0271-313F-4F33-8BFB-373040448DAF}.Debug|x86.ActiveCfg = Debug|Any CPU
		{69FC0271-313F-4F33-8BFB-373040448DAF}.Debug|x86.Build.0 = Debug|Any CPU
		{69FC0271-313F-4F33-8BFB-373040448DAF}.Release|Any CPU.ActiveCfg = Release|Any CPU
		{69FC0271-313F-4F33-8BFB-373040448DAF}.Release|Any CPU.Build.0 = Release|Any CPU
		{69FC0271-313F-4F33-8BFB-373040448DAF}.Release|x64.ActiveCfg = Release|Any CPU
		{69FC0271-313F-4F33-8BFB-373040448DAF}.Release|x64.Build.0 = Release|Any CPU
		{69FC0271-313F-4F33-8BFB-373040448DAF}.Release|x86.ActiveCfg = Release|Any CPU
		{69FC0271-313F-4F33-8BFB-373040448DAF}.Release|x86.Build.0 = Release|Any CPU
	EndGlobalSection
	GlobalSection(SolutionProperties) = preSolution
		HideSolutionNode = FALSE
	EndGlobalSection
	GlobalSection(ExtensibilityGlobals) = postSolution
		SolutionGuid = {E2598B9A-2C7A-4572-B9B3-A7548B3C5A92}
	EndGlobalSection
EndGlobal
